
Microsoft Visual Studio Solution File, Format Version 12.00
# Visual Studio Version 17
VisualStudioVersion = 17.0.32014.148
MinimumVisualStudioVersion = 10.0.40219.1
Project("{FAE04EC0-301F-11D3-BF4B-00C04F79EFBC}") = "Demo", "Demo\Demo.csproj", "{2D5DB8BB-247F-417C-A2B4-9BD49EF7EDE5}"
EndProject
Global
	GlobalSection(SolutionConfigurationPlatforms) = preSolution
		Debug|Any CPU = Debug|Any CPU
		Release|Any CPU = Release|Any CPU
	EndGlobalSection
	GlobalSection(ProjectConfigurationPlatforms) = postSolution
		{2D5DB8BB-247F-417C-A2B4-9BD49EF7EDE5}.Debug|Any CPU.ActiveCfg = Debug|Any CPU
		{2D5DB8BB-247F-417C-A2B4-9BD49EF7EDE5}.Debug|Any CPU.Build.0 = Debug|Any CPU
		{2D5DB8BB-247F-417C-A2B4-9BD49EF7EDE5}.Release|Any CPU.ActiveCfg = Release|Any CPU
		{2D5DB8BB-247F-417C-A2B4-9BD49EF7EDE5}.Release|Any CPU.Build.0 = Release|Any CPU
	EndGlobalSection
	GlobalSection(SolutionProperties) = preSolution
		HideSolutionNode = FALSE
	EndGlobalSection
	GlobalSection(ExtensibilityGlobals) = postSolution
		SolutionGuid = {E0EC17CB-8D49-4C5A-8F8F-D3195D272D5D}
	EndGlobalSection
EndGlobal
